
Microsoft Visual Studio Solution File, Format Version 12.00
# Visual Studio Version 17
VisualStudioVersion = 17.7.34024.191
MinimumVisualStudioVersion = 10.0.40219.1
Project("{9A19103F-16F7-4668-BE54-9A1E7A4F7556}") = "CamadaDeNegocio", "Negocio\CamadaDeNegocio.csproj", "{E459C070-07A7-4200-9EA7-D6023F2674FE}"
EndProject
Project("{9A19103F-16F7-4668-BE54-9A1E7A4F7556}") = "CamadaDeDados", "Dados\CamadaDeDados.csproj", "{57C32AFE-0357-4BFA-93F0-93AF9933E32A}"
EndProject
Project("{9A19103F-16F7-4668-BE54-9A1E7A4F7556}") = "CamadaDeServico", "CamadaDeServico\CamadaDeServico.csproj", "{6FCCE2E2-82DB-4F07-8457-FC2CE07BF5F8}"
EndProject
Project("{FAE04EC0-301F-11D3-BF4B-00C04F79EFBC}") = "CamadaDeApresentação", "CamadaApresentação\CamadaDeApresentação.csproj", "{4B59E4F8-536C-479D-9F00-AADCCF77E1DF}"
EndProject
Global
	GlobalSection(SolutionConfigurationPlatforms) = preSolution
		Debug|Any CPU = Debug|Any CPU
		Release|Any CPU = Release|Any CPU
	EndGlobalSection
	GlobalSection(ProjectConfigurationPlatforms) = postSolution
		{E459C070-07A7-4200-9EA7-D6023F2674FE}.Debug|Any CPU.ActiveCfg = Debug|Any CPU
		{E459C070-07A7-4200-9EA7-D6023F2674FE}.Debug|Any CPU.Build.0 = Debug|Any CPU
		{E459C070-07A7-4200-9EA7-D6023F2674FE}.Release|Any CPU.ActiveCfg = Release|Any CPU
		{E459C070-07A7-4200-9EA7-D6023F2674FE}.Release|Any CPU.Build.0 = Release|Any CPU
		{57C32AFE-0357-4BFA-93F0-93AF9933E32A}.Debug|Any CPU.ActiveCfg = Debug|Any CPU
		{57C32AFE-0357-4BFA-93F0-93AF9933E32A}.Debug|Any CPU.Build.0 = Debug|Any CPU
		{57C32AFE-0357-4BFA-93F0-93AF9933E32A}.Release|Any CPU.ActiveCfg = Release|Any CPU
		{57C32AFE-0357-4BFA-93F0-93AF9933E32A}.Release|Any CPU.Build.0 = Release|Any CPU
		{6FCCE2E2-82DB-4F07-8457-FC2CE07BF5F8}.Debug|Any CPU.ActiveCfg = Debug|Any CPU
		{6FCCE2E2-82DB-4F07-8457-FC2CE07BF5F8}.Debug|Any CPU.Build.0 = Debug|Any CPU
		{6FCCE2E2-82DB-4F07-8457-FC2CE07BF5F8}.Release|Any CPU.ActiveCfg = Release|Any CPU
		{6FCCE2E2-82DB-4F07-8457-FC2CE07BF5F8}.Release|Any CPU.Build.0 = Release|Any CPU
		{4B59E4F8-536C-479D-9F00-AADCCF77E1DF}.Debug|Any CPU.ActiveCfg = Debug|Any CPU
		{4B59E4F8-536C-479D-9F00-AADCCF77E1DF}.Debug|Any CPU.Build.0 = Debug|Any CPU
		{4B59E4F8-536C-479D-9F00-AADCCF77E1DF}.Release|Any CPU.ActiveCfg = Release|Any CPU
		{4B59E4F8-536C-479D-9F00-AADCCF77E1DF}.Release|Any CPU.Build.0 = Release|Any CPU
	EndGlobalSection
	GlobalSection(SolutionProperties) = preSolution
		HideSolutionNode = FALSE
	EndGlobalSection
	GlobalSection(ExtensibilityGlobals) = postSolution
		SolutionGuid = {0A6DB85B-B4BF-4507-B889-5B4D3635B772}
	EndGlobalSection
EndGlobal
